
Microsoft Visual Studio Solution File, Format Version 12.00
# Visual Studio Version 17
VisualStudioVersion = 17.13.35828.75 d17.13
MinimumVisualStudioVersion = 10.0.40219.1
Project("{FAE04EC0-301F-11D3-BF4B-00C04F79EFBC}") = "DevCard_MVC", "DevCard_MVC\DevCard_MVC.csproj", "{F81B623F-D342-497C-9D7A-0582F6A39E8A}"
EndProject
Global
	GlobalSection(SolutionConfigurationPlatforms) = preSolution
		Debug|Any CPU = Debug|Any CPU
		Release|Any CPU = Release|Any CPU
	EndGlobalSection
	GlobalSection(ProjectConfigurationPlatforms) = postSolution
		{F81B623F-D342-497C-9D7A-0582F6A39E8A}.Debug|Any CPU.ActiveCfg = Debug|Any CPU
		{F81B623F-D342-497C-9D7A-0582F6A39E8A}.Debug|Any CPU.Build.0 = Debug|Any CPU
		{F81B623F-D342-497C-9D7A-0582F6A39E8A}.Release|Any CPU.ActiveCfg = Release|Any CPU
		{F81B623F-D342-497C-9D7A-0582F6A39E8A}.Release|Any CPU.Build.0 = Release|Any CPU
	EndGlobalSection
	GlobalSection(SolutionProperties) = preSolution
		HideSolutionNode = FALSE
	EndGlobalSection
	GlobalSection(ExtensibilityGlobals) = postSolution
		SolutionGuid = {4D721A18-3F2D-4137-819D-7F04D437D45F}
	EndGlobalSection
EndGlobal
