
Microsoft Visual Studio Solution File, Format Version 12.00
# Visual Studio Version 17
VisualStudioVersion = 17.13.35828.75
MinimumVisualStudioVersion = 10.0.40219.1
Project("{FAE04EC0-301F-11D3-BF4B-00C04F79EFBC}") = "DevCard_MVC", "DevCard_MVC\DevCard_MVC.csproj", "{DE875B69-742A-4B52-895E-15C10D6AAF96}"
EndProject
Global
	GlobalSection(SolutionConfigurationPlatforms) = preSolution
		Debug|Any CPU = Debug|Any CPU
		Release|Any CPU = Release|Any CPU
	EndGlobalSection
	GlobalSection(ProjectConfigurationPlatforms) = postSolution
		{DE875B69-742A-4B52-895E-15C10D6AAF96}.Debug|Any CPU.ActiveCfg = Debug|Any CPU
		{DE875B69-742A-4B52-895E-15C10D6AAF96}.Debug|Any CPU.Build.0 = Debug|Any CPU
		{DE875B69-742A-4B52-895E-15C10D6AAF96}.Release|Any CPU.ActiveCfg = Release|Any CPU
		{DE875B69-742A-4B52-895E-15C10D6AAF96}.Release|Any CPU.Build.0 = Release|Any CPU
	EndGlobalSection
	GlobalSection(SolutionProperties) = preSolution
		HideSolutionNode = FALSE
	EndGlobalSection
	GlobalSection(ExtensibilityGlobals) = postSolution
		SolutionGuid = {BF0082AB-0C6D-4422-B9DB-EC37A8592D20}
	EndGlobalSection
EndGlobal
